
Microsoft Visual Studio Solution File, Format Version 12.00
# Visual Studio Version 17
VisualStudioVersion = 17.12.35527.113
MinimumVisualStudioVersion = 10.0.40219.1
Project("{FAE04EC0-301F-11D3-BF4B-00C04F79EFBC}") = "HelloWorld", "HelloWorld\HelloWorld.csproj", "{341A2D4F-FBAF-4DFA-ACEC-4BD976DC5283}"
EndProject
Project("{FAE04EC0-301F-11D3-BF4B-00C04F79EFBC}") = "Rectangle", "Rectangle\Rectangle.csproj", "{909A4CD4-98D1-467D-B98B-495C71785D76}"
EndProject
Project("{FAE04EC0-301F-11D3-BF4B-00C04F79EFBC}") = "Calculator", "Calculator\Calculator.csproj", "{65E8A1F3-616E-4FE3-B566-D6C9AC8024B4}"
EndProject
Project("{FAE04EC0-301F-11D3-BF4B-00C04F79EFBC}") = "Binär", "ConsoleApp1\Binär.csproj", "{5D29372E-9731-4EFC-B646-CC6F2A4772FE}"
EndProject
Project("{FAE04EC0-301F-11D3-BF4B-00C04F79EFBC}") = "wut", "wut\wut.csproj", "{31E9921C-DCD6-4BB7-80FD-05CCA65BDBBA}"
EndProject
Project("{FAE04EC0-301F-11D3-BF4B-00C04F79EFBC}") = "getset", "getset\getset.csproj", "{B8E0279F-708A-4D20-8EEC-6BE8A0591829}"
EndProject
Project("{FAE04EC0-301F-11D3-BF4B-00C04F79EFBC}") = "Personen", "Personen\Personen.csproj", "{6363F378-F27E-4293-A359-55CEBA6D2D1D}"
EndProject
Project("{FAE04EC0-301F-11D3-BF4B-00C04F79EFBC}") = "Bibliothek", "Bibliothek\Bibliothek.csproj", "{5E182205-2FB8-41C9-BB7A-8A6F5668D374}"
EndProject
Project("{FAE04EC0-301F-11D3-BF4B-00C04F79EFBC}") = "Firma", "Firma\Firma.csproj", "{22C6C129-E089-40B7-88EB-0E8060A19A32}"
EndProject
Project("{FAE04EC0-301F-11D3-BF4B-00C04F79EFBC}") = "kontos", "kontos\kontos.csproj", "{E023500A-3D7D-4F27-8826-3F6EFEED77FC}"
EndProject
Project("{2150E333-8FDC-42A3-9474-1A3956D46DE8}") = "Aufgaben1", "Aufgaben1", "{4D3EC2C4-16CA-42BE-924C-3F320FB4CA54}"
EndProject
Project("{2150E333-8FDC-42A3-9474-1A3956D46DE8}") = "Aufgaben2", "Aufgaben2", "{ECFB3840-0F89-48AA-8EA0-01DA47A3EC76}"
EndProject
Project("{FAE04EC0-301F-11D3-BF4B-00C04F79EFBC}") = "lidl", "lidl\lidl.csproj", "{0C4E2B55-A7FC-490A-AA98-F449308584EB}"
EndProject
Global
	GlobalSection(SolutionConfigurationPlatforms) = preSolution
		Debug|Any CPU = Debug|Any CPU
		Release|Any CPU = Release|Any CPU
	EndGlobalSection
	GlobalSection(ProjectConfigurationPlatforms) = postSolution
		{341A2D4F-FBAF-4DFA-ACEC-4BD976DC5283}.Debug|Any CPU.ActiveCfg = Debug|Any CPU
		{341A2D4F-FBAF-4DFA-ACEC-4BD976DC5283}.Debug|Any CPU.Build.0 = Debug|Any CPU
		{341A2D4F-FBAF-4DFA-ACEC-4BD976DC5283}.Release|Any CPU.ActiveCfg = Release|Any CPU
		{341A2D4F-FBAF-4DFA-ACEC-4BD976DC5283}.Release|Any CPU.Build.0 = Release|Any CPU
		{909A4CD4-98D1-467D-B98B-495C71785D76}.Debug|Any CPU.ActiveCfg = Debug|Any CPU
		{909A4CD4-98D1-467D-B98B-495C71785D76}.Debug|Any CPU.Build.0 = Debug|Any CPU
		{909A4CD4-98D1-467D-B98B-495C71785D76}.Release|Any CPU.ActiveCfg = Release|Any CPU
		{909A4CD4-98D1-467D-B98B-495C71785D76}.Release|Any CPU.Build.0 = Release|Any CPU
		{65E8A1F3-616E-4FE3-B566-D6C9AC8024B4}.Debug|Any CPU.ActiveCfg = Debug|Any CPU
		{65E8A1F3-616E-4FE3-B566-D6C9AC8024B4}.Debug|Any CPU.Build.0 = Debug|Any CPU
		{65E8A1F3-616E-4FE3-B566-D6C9AC8024B4}.Release|Any CPU.ActiveCfg = Release|Any CPU
		{65E8A1F3-616E-4FE3-B566-D6C9AC8024B4}.Release|Any CPU.Build.0 = Release|Any CPU
		{5D29372E-9731-4EFC-B646-CC6F2A4772FE}.Debug|Any CPU.ActiveCfg = Debug|Any CPU
		{5D29372E-9731-4EFC-B646-CC6F2A4772FE}.Debug|Any CPU.Build.0 = Debug|Any CPU
		{5D29372E-9731-4EFC-B646-CC6F2A4772FE}.Release|Any CPU.ActiveCfg = Release|Any CPU
		{5D29372E-9731-4EFC-B646-CC6F2A4772FE}.Release|Any CPU.Build.0 = Release|Any CPU
		{31E9921C-DCD6-4BB7-80FD-05CCA65BDBBA}.Debug|Any CPU.ActiveCfg = Debug|Any CPU
		{31E9921C-DCD6-4BB7-80FD-05CCA65BDBBA}.Debug|Any CPU.Build.0 = Debug|Any CPU
		{31E9921C-DCD6-4BB7-80FD-05CCA65BDBBA}.Release|Any CPU.ActiveCfg = Release|Any CPU
		{31E9921C-DCD6-4BB7-80FD-05CCA65BDBBA}.Release|Any CPU.Build.0 = Release|Any CPU
		{B8E0279F-708A-4D20-8EEC-6BE8A0591829}.Debug|Any CPU.ActiveCfg = Debug|Any CPU
		{B8E0279F-708A-4D20-8EEC-6BE8A0591829}.Debug|Any CPU.Build.0 = Debug|Any CPU
		{B8E0279F-708A-4D20-8EEC-6BE8A0591829}.Release|Any CPU.ActiveCfg = Release|Any CPU
		{B8E0279F-708A-4D20-8EEC-6BE8A0591829}.Release|Any CPU.Build.0 = Release|Any CPU
		{6363F378-F27E-4293-A359-55CEBA6D2D1D}.Debug|Any CPU.ActiveCfg = Debug|Any CPU
		{6363F378-F27E-4293-A359-55CEBA6D2D1D}.Debug|Any CPU.Build.0 = Debug|Any CPU
		{6363F378-F27E-4293-A359-55CEBA6D2D1D}.Release|Any CPU.ActiveCfg = Release|Any CPU
		{6363F378-F27E-4293-A359-55CEBA6D2D1D}.Release|Any CPU.Build.0 = Release|Any CPU
		{5E182205-2FB8-41C9-BB7A-8A6F5668D374}.Debug|Any CPU.ActiveCfg = Debug|Any CPU
		{5E182205-2FB8-41C9-BB7A-8A6F5668D374}.Debug|Any CPU.Build.0 = Debug|Any CPU
		{5E182205-2FB8-41C9-BB7A-8A6F5668D374}.Release|Any CPU.ActiveCfg = Release|Any CPU
		{5E182205-2FB8-41C9-BB7A-8A6F5668D374}.Release|Any CPU.Build.0 = Release|Any CPU
		{22C6C129-E089-40B7-88EB-0E8060A19A32}.Debug|Any CPU.ActiveCfg = Debug|Any CPU
		{22C6C129-E089-40B7-88EB-0E8060A19A32}.Debug|Any CPU.Build.0 = Debug|Any CPU
		{22C6C129-E089-40B7-88EB-0E8060A19A32}.Release|Any CPU.ActiveCfg = Release|Any CPU
		{22C6C129-E089-40B7-88EB-0E8060A19A32}.Release|Any CPU.Build.0 = Release|Any CPU
		{E023500A-3D7D-4F27-8826-3F6EFEED77FC}.Debug|Any CPU.ActiveCfg = Debug|Any CPU
		{E023500A-3D7D-4F27-8826-3F6EFEED77FC}.Debug|Any CPU.Build.0 = Debug|Any CPU
		{E023500A-3D7D-4F27-8826-3F6EFEED77FC}.Release|Any CPU.ActiveCfg = Release|Any CPU
		{E023500A-3D7D-4F27-8826-3F6EFEED77FC}.Release|Any CPU.Build.0 = Release|Any CPU
		{0C4E2B55-A7FC-490A-AA98-F449308584EB}.Debug|Any CPU.ActiveCfg = Debug|Any CPU
		{0C4E2B55-A7FC-490A-AA98-F449308584EB}.Debug|Any CPU.Build.0 = Debug|Any CPU
		{0C4E2B55-A7FC-490A-AA98-F449308584EB}.Release|Any CPU.ActiveCfg = Release|Any CPU
		{0C4E2B55-A7FC-490A-AA98-F449308584EB}.Release|Any CPU.Build.0 = Release|Any CPU
	EndGlobalSection
	GlobalSection(SolutionProperties) = preSolution
		HideSolutionNode = FALSE
	EndGlobalSection
	GlobalSection(NestedProjects) = preSolution
		{341A2D4F-FBAF-4DFA-ACEC-4BD976DC5283} = {4D3EC2C4-16CA-42BE-924C-3F320FB4CA54}
		{909A4CD4-98D1-467D-B98B-495C71785D76} = {4D3EC2C4-16CA-42BE-924C-3F320FB4CA54}
		{65E8A1F3-616E-4FE3-B566-D6C9AC8024B4} = {4D3EC2C4-16CA-42BE-924C-3F320FB4CA54}
		{5D29372E-9731-4EFC-B646-CC6F2A4772FE} = {4D3EC2C4-16CA-42BE-924C-3F320FB4CA54}
		{31E9921C-DCD6-4BB7-80FD-05CCA65BDBBA} = {4D3EC2C4-16CA-42BE-924C-3F320FB4CA54}
		{B8E0279F-708A-4D20-8EEC-6BE8A0591829} = {4D3EC2C4-16CA-42BE-924C-3F320FB4CA54}
		{6363F378-F27E-4293-A359-55CEBA6D2D1D} = {4D3EC2C4-16CA-42BE-924C-3F320FB4CA54}
		{5E182205-2FB8-41C9-BB7A-8A6F5668D374} = {4D3EC2C4-16CA-42BE-924C-3F320FB4CA54}
		{22C6C129-E089-40B7-88EB-0E8060A19A32} = {4D3EC2C4-16CA-42BE-924C-3F320FB4CA54}
		{E023500A-3D7D-4F27-8826-3F6EFEED77FC} = {4D3EC2C4-16CA-42BE-924C-3F320FB4CA54}
	EndGlobalSection
EndGlobal
