
Microsoft Visual Studio Solution File, Format Version 12.00
# Visual Studio Version 17
VisualStudioVersion = 17.12.35527.113
MinimumVisualStudioVersion = 10.0.40219.1
Project("{FAE04EC0-301F-11D3-BF4B-00C04F79EFBC}") = "HelloWorld", "HelloWorld\HelloWorld.csproj", "{341A2D4F-FBAF-4DFA-ACEC-4BD976DC5283}"
EndProject
Project("{FAE04EC0-301F-11D3-BF4B-00C04F79EFBC}") = "Rectangle", "Rectangle\Rectangle.csproj", "{909A4CD4-98D1-467D-B98B-495C71785D76}"
EndProject
Project("{FAE04EC0-301F-11D3-BF4B-00C04F79EFBC}") = "Calculator", "Calculator\Calculator.csproj", "{65E8A1F3-616E-4FE3-B566-D6C9AC8024B4}"
EndProject
Project("{FAE04EC0-301F-11D3-BF4B-00C04F79EFBC}") = "Binär", "ConsoleApp1\Binär.csproj", "{5D29372E-9731-4EFC-B646-CC6F2A4772FE}"
EndProject
Global
	GlobalSection(SolutionConfigurationPlatforms) = preSolution
		Debug|Any CPU = Debug|Any CPU
		Release|Any CPU = Release|Any CPU
	EndGlobalSection
	GlobalSection(ProjectConfigurationPlatforms) = postSolution
		{341A2D4F-FBAF-4DFA-ACEC-4BD976DC5283}.Debug|Any CPU.ActiveCfg = Debug|Any CPU
		{341A2D4F-FBAF-4DFA-ACEC-4BD976DC5283}.Debug|Any CPU.Build.0 = Debug|Any CPU
		{341A2D4F-FBAF-4DFA-ACEC-4BD976DC5283}.Release|Any CPU.ActiveCfg = Release|Any CPU
		{341A2D4F-FBAF-4DFA-ACEC-4BD976DC5283}.Release|Any CPU.Build.0 = Release|Any CPU
		{909A4CD4-98D1-467D-B98B-495C71785D76}.Debug|Any CPU.ActiveCfg = Debug|Any CPU
		{909A4CD4-98D1-467D-B98B-495C71785D76}.Debug|Any CPU.Build.0 = Debug|Any CPU
		{909A4CD4-98D1-467D-B98B-495C71785D76}.Release|Any CPU.ActiveCfg = Release|Any CPU
		{909A4CD4-98D1-467D-B98B-495C71785D76}.Release|Any CPU.Build.0 = Release|Any CPU
		{65E8A1F3-616E-4FE3-B566-D6C9AC8024B4}.Debug|Any CPU.ActiveCfg = Debug|Any CPU
		{65E8A1F3-616E-4FE3-B566-D6C9AC8024B4}.Debug|Any CPU.Build.0 = Debug|Any CPU
		{65E8A1F3-616E-4FE3-B566-D6C9AC8024B4}.Release|Any CPU.ActiveCfg = Release|Any CPU
		{65E8A1F3-616E-4FE3-B566-D6C9AC8024B4}.Release|Any CPU.Build.0 = Release|Any CPU
		{5D29372E-9731-4EFC-B646-CC6F2A4772FE}.Debug|Any CPU.ActiveCfg = Debug|Any CPU
		{5D29372E-9731-4EFC-B646-CC6F2A4772FE}.Debug|Any CPU.Build.0 = Debug|Any CPU
		{5D29372E-9731-4EFC-B646-CC6F2A4772FE}.Release|Any CPU.ActiveCfg = Release|Any CPU
		{5D29372E-9731-4EFC-B646-CC6F2A4772FE}.Release|Any CPU.Build.0 = Release|Any CPU
	EndGlobalSection
	GlobalSection(SolutionProperties) = preSolution
		HideSolutionNode = FALSE
	EndGlobalSection
EndGlobal
